
Microsoft Visual Studio Solution File, Format Version 12.00
# Visual Studio Version 16
VisualStudioVersion = 16.0.32929.386
MinimumVisualStudioVersion = 10.0.40219.1
Project("{FAE04EC0-301F-11D3-BF4B-00C04F79EFBC}") = "POOOrtaedro.entidades", "POOOrtaedro.entidades\POOOrtaedro.entidades.csproj", "{0ED099E4-3D93-4805-B2DF-95EF6B58390D}"
EndProject
Project("{FAE04EC0-301F-11D3-BF4B-00C04F79EFBC}") = "POOOrtoedro.windows", "POOOrtoedro.windows\POOOrtoedro.windows.csproj", "{343A7AEA-E642-48C3-8B64-FAD7EA37787E}"
EndProject
Project("{FAE04EC0-301F-11D3-BF4B-00C04F79EFBC}") = "POOOrtoedro.datos", "POOOrtoedro.datos\POOOrtoedro.datos.csproj", "{637B8EF3-95B1-4FBD-A0B2-560ACAA63F74}"
EndProject
Global
	GlobalSection(SolutionConfigurationPlatforms) = preSolution
		Debug|Any CPU = Debug|Any CPU
		Release|Any CPU = Release|Any CPU
	EndGlobalSection
	GlobalSection(ProjectConfigurationPlatforms) = postSolution
		{0ED099E4-3D93-4805-B2DF-95EF6B58390D}.Debug|Any CPU.ActiveCfg = Debug|Any CPU
		{0ED099E4-3D93-4805-B2DF-95EF6B58390D}.Debug|Any CPU.Build.0 = Debug|Any CPU
		{0ED099E4-3D93-4805-B2DF-95EF6B58390D}.Release|Any CPU.ActiveCfg = Release|Any CPU
		{0ED099E4-3D93-4805-B2DF-95EF6B58390D}.Release|Any CPU.Build.0 = Release|Any CPU
		{343A7AEA-E642-48C3-8B64-FAD7EA37787E}.Debug|Any CPU.ActiveCfg = Debug|Any CPU
		{343A7AEA-E642-48C3-8B64-FAD7EA37787E}.Debug|Any CPU.Build.0 = Debug|Any CPU
		{343A7AEA-E642-48C3-8B64-FAD7EA37787E}.Release|Any CPU.ActiveCfg = Release|Any CPU
		{343A7AEA-E642-48C3-8B64-FAD7EA37787E}.Release|Any CPU.Build.0 = Release|Any CPU
		{637B8EF3-95B1-4FBD-A0B2-560ACAA63F74}.Debug|Any CPU.ActiveCfg = Debug|Any CPU
		{637B8EF3-95B1-4FBD-A0B2-560ACAA63F74}.Debug|Any CPU.Build.0 = Debug|Any CPU
		{637B8EF3-95B1-4FBD-A0B2-560ACAA63F74}.Release|Any CPU.ActiveCfg = Release|Any CPU
		{637B8EF3-95B1-4FBD-A0B2-560ACAA63F74}.Release|Any CPU.Build.0 = Release|Any CPU
	EndGlobalSection
	GlobalSection(SolutionProperties) = preSolution
		HideSolutionNode = FALSE
	EndGlobalSection
	GlobalSection(ExtensibilityGlobals) = postSolution
		SolutionGuid = {37D5DA8A-1194-4A04-B388-91F9AF703530}
	EndGlobalSection
EndGlobal
